<Solution>
  <Project Path="DigitalLove.TTS.csproj" />
  <Project Path="DigitalLove.UI.DesignSystem.Localization.csproj" />
  <Project Path="DigitalLove.XR.Core.csproj" />
  <Project Path="Vendor.GameAnalytics.Editor.csproj" />
  <Project Path="DigitalLove.Global.csproj" />
  <Project Path="DigitalLove.DataAccess.Remote.csproj" />
  <Project Path="DigitalLove.Game.States.Setup.csproj" />
  <Project Path="DigitalLove.Interactables.csproj" />
  <Project Path="Vendor.GameAnalytics.csproj" />
  <Project Path="Unity.XR.Interaction.Toolkit.Samples.DeviceSimulator.csproj" />
  <Project Path="DigitalLove.UI.Behaviours.csproj" />
  <Project Path="DigitalLove.UI.DesignSystem.csproj" />
  <Project Path="DigitalLove.VFX.Animation.csproj" />
  <Project Path="Klak.Motion.csproj" />
  <Project Path="DigitalLove.FlowControl.csproj" />
  <Project Path="DigitalLove.FlowControl.Integrations.csproj" />
  <Project Path="DigitalLove.Global.Editor.csproj" />
  <Project Path="DOTween.Modules.csproj" />
  <Project Path="Klak.Motion.Editor.csproj" />
  <Project Path="Vendor.UnityGif.csproj" />
  <Project Path="Unity.XR.Interaction.Toolkit.Samples.Hands.csproj" />
  <Project Path="DigitalLove.Player.csproj" />
  <Project Path="DigitalLove.Analytics.csproj" />
  <Project Path="DigitalLove.XR.OVR.csproj" />
  <Project Path="DigitalLove.Casual.Levels.csproj" />
  <Project Path="Unity.XR.Interaction.Toolkit.Samples.StarterAssets.csproj" />
  <Project Path="DigitalLove.Game.Spaceships.csproj" />
  <Project Path="DigitalLove.Localization.csproj" />
  <Project Path="DigitalLove.VFX.Fader.csproj" />
  <Project Path="DigitalLove.TTS.Samples.csproj" />
  <Project Path="DigitalLove.Casual.Analytics.csproj" />
  <Project Path="DigitalLove.Timeline.csproj" />
  <Project Path="DigitalLove.XR.MRUK.csproj" />
  <Project Path="Unity.XR.Hands.Samples.Gestures.csproj" />
  <Project Path="Assembly-CSharp.csproj" />
  <Project Path="DigitalLove.Theming.csproj" />
  <Project Path="DigitalLove.DataAccess.Local.csproj" />
  <Project Path="DigitalLove.Timeline.Integrations.csproj" />
  <Project Path="DigitalLove.Analytics.GameAnalytics.csproj" />
  <Project Path="DigitalLove.Game.Flow.csproj" />
  <Project Path="DigitalLove.Audio.Runtime.csproj" />
  <Project Path="DigitalLove.XR.Platform.csproj" />
  <Project Path="DigitalLove.XR.ARFoundation.csproj" />
  <Project Path="DigitalLove.Game.Levels.csproj" />
  <Project Path="Unity.XR.Hands.Samples.VisualizerSample.csproj" />
  <Project Path="DigitalLove.Game.Planets.csproj" />
  <Project Path="DigitalLove.Interactables.OculusInteraction.csproj" />
  <Project Path="DigitalLove.VFX.ShadowLike.csproj" />
  <Project Path="Simple360Render.Runtime.csproj" />
  <Project Path="ChrisNolet.QuickOutline.csproj" />
  <Project Path="DigitalLove.Interactables.MRUK.csproj" />
  <Project Path="DigitalLove.Casual.Flow.csproj" />
  <Project Path="DigitalLove.HomeMenu.csproj" />
  <Project Path="Vendor.UniGif.Samples.csproj" />
  <Project Path="DigitalLove.Casual.Flow.Setup.MRUK.csproj" />
  <Project Path="DigitalLove.Reflex.csproj" />
  <Project Path="DigitalLove.FlowControl.Routes.Editor.csproj" />
  <Project Path="DigitalLove.VFX.Materials.csproj" />
  <Project Path="TrinarySoftware.MEC.Runtime.csproj" />
  <Project Path="DigitalLove.Analytics.Unity.csproj" />
  <Project Path="DigitalLove.DataAccess.Integrations.csproj" />
</Solution>
